{
  "name": "optics-color-tokens",
  "version": "1.0.0",
  "lockfileVersion": 3,
  "requires": true,
  "packages": {
    "": {
      "name": "optics-color-tokens",
      "version": "1.0.0",
      "license": "MIT",
      "dependencies": {
        "a11y-contrast-color": "^1.1.0"
      },
      "engines": {
        "node": ">=14"
      }
    },
    "node_modules/a11y-contrast-color": {
      "version": "1.1.0",
      "resolved": "https://registry.npmjs.org/a11y-contrast-color/-/a11y-contrast-color-1.1.0.tgz",
      "integrity": "sha512-u12+mM43bzVqwP/6LEdXi4JxAcOpj+9F2jO75jZuhD2iX9S3MOXM6XPFJxpzst2jFIMhQARa+hQUzPGxEW5oIQ==",
      "license": "MIT"
    }
  }
}
